
Microsoft Visual Studio Solution File, Format Version 12.00
# Visual Studio Version 17
VisualStudioVersion = 17.5.002.0
MinimumVisualStudioVersion = 10.0.40219.1
Project("{2150E333-8FDC-42A3-9474-1A3956D46DE8}") = "src", "src", "{E845C091-B0C4-40B0-BAE6-1B3C8714448D}"
EndProject
Project("{9A19103F-16F7-4668-BE54-9A1E7A4F7556}") = "Auth.Service.Account", "src\Auth.Service.Account\Auth.Service.Account.csproj", "{D701FD3A-4137-4B6D-94BC-5B3357E0B9B2}"
EndProject
Global
	GlobalSection(SolutionConfigurationPlatforms) = preSolution
		Debug|Any CPU = Debug|Any CPU
		Release|Any CPU = Release|Any CPU
	EndGlobalSection
	GlobalSection(ProjectConfigurationPlatforms) = postSolution
		{D701FD3A-4137-4B6D-94BC-5B3357E0B9B2}.Debug|Any CPU.ActiveCfg = Debug|Any CPU
		{D701FD3A-4137-4B6D-94BC-5B3357E0B9B2}.Debug|Any CPU.Build.0 = Debug|Any CPU
		{D701FD3A-4137-4B6D-94BC-5B3357E0B9B2}.Release|Any CPU.ActiveCfg = Release|Any CPU
		{D701FD3A-4137-4B6D-94BC-5B3357E0B9B2}.Release|Any CPU.Build.0 = Release|Any CPU
	EndGlobalSection
	GlobalSection(SolutionProperties) = preSolution
		HideSolutionNode = FALSE
	EndGlobalSection
	GlobalSection(NestedProjects) = preSolution
		{D701FD3A-4137-4B6D-94BC-5B3357E0B9B2} = {E845C091-B0C4-40B0-BAE6-1B3C8714448D}
	EndGlobalSection
	GlobalSection(ExtensibilityGlobals) = postSolution
		SolutionGuid = {01AD016C-7CB0-467B-8063-1A0EA9831D36}
	EndGlobalSection
EndGlobal
